{
    "_readme": [
        "This file locks the dependencies of your project to a known state",
        "Read more about it at https://getcomposer.org/doc/01-basic-usage.md#composer-lock-the-lock-file",
        "This file is @generated automatically"
    ],
    "hash": "fb738290541d6919ef51a1be0d65ebf5",
    "content-hash": "0a2dd038edd47fea477919fa65073880",
    "packages": [
        {
            "name": "danielstjules/stringy",
            "version": "1.10.0",
            "source": {
                "type": "git",
                "url": "https://github.com/danielstjules/Stringy.git",
                "reference": "4749c205db47ee5b32e8d1adf6d9aff8db6caf3b"
            },
            "dist": {
                "type": "zip",
                "url": "https://api.github.com/repos/danielstjules/Stringy/zipball/4749c205db47ee5b32e8d1adf6d9aff8db6caf3b",
                "reference": "4749c205db47ee5b32e8d1adf6d9aff8db6caf3b",
                "shasum": ""
            },
            "require": {
                "ext-mbstring": "*",
                "php": ">=5.3.0"
            },
            "require-dev": {
                "phpunit/phpunit": "~4.0"
            },
            "type": "library",
            "autoload": {
                "psr-4": {
                    "Stringy\\": "src/"
                },
                "files": [
                    "src/Create.php"
                ]
            },
            "notification-url": "https://packagist.org/downloads/",
            "license": [
                "MIT"
            ],
            "authors": [
                {
                    "name": "Daniel St. Jules",
                    "email": "danielst.jules@gmail.com",
                    "homepage": "http://www.danielstjules.com"
                }
            ],
            "description": "A string manipulation library with multibyte support",
            "homepage": "https://github.com/danielstjules/Stringy",
            "keywords": [
                "UTF",
                "helpers",
                "manipulation",
                "methods",
                "multibyte",
                "string",
                "utf-8",
                "utility",
                "utils"
            ],
            "time": "2015-07-23 00:54:12"
        },
        {
            "name": "doctrine/inflector",
            "version": "v1.0.1",
            "source": {
                "type": "git",
                "url": "https://github.com/doctrine/inflector.git",
                "reference": "0bcb2e79d8571787f18b7eb036ed3d004908e604"
            },
            "dist": {
                "type": "zip",
                "url": "https://api.github.com/repos/doctrine/inflector/zipball/0bcb2e79d8571787f18b7eb036ed3d004908e604",
                "reference": "0bcb2e79d8571787f18b7eb036ed3d004908e604",
                "shasum": ""
            },
            "require": {
                "php": ">=5.3.2"
            },
            "require-dev": {
                "phpunit/phpunit": "4.*"
            },
            "type": "library",
            "extra": {
                "branch-alias": {
                    "dev-master": "1.0.x-dev"
                }
            },
            "autoload": {
                "psr-0": {
                    "Doctrine\\Common\\Inflector\\": "lib/"
                }
            },
            "notification-url": "https://packagist.org/downloads/",
            "license": [
                "MIT"
            ],
            "authors": [
                {
                    "name": "Roman Borschel",
                    "email": "roman@code-factory.org"
                },
                {
                    "name": "Benjamin Eberlei",
                    "email": "kontakt@beberlei.de"
                },
                {
                    "name": "Guilherme Blanco",
                    "email": "guilhermeblanco@gmail.com"
                },
                {
                    "name": "Jonathan Wage",
                    "email": "jonwage@gmail.com"
                },
                {
                    "name": "Johannes Schmitt",
                    "email": "schmittjoh@gmail.com"
                }
            ],
            "description": "Common String Manipulations with regard to casing and singular/plural rules.",
            "homepage": "http://www.doctrine-project.org",
            "keywords": [
                "inflection",
                "pluralize",
                "singularize",
                "string"
            ],
            "time": "2014-12-20 21:24:13"
        },
        {
            "name": "illuminate/container",
            "version": "v5.1.16",
            "source": {
                "type": "git",
                "url": "https://github.com/illuminate/container.git",
                "reference": "66621248395705cc64bc1ce9262b99b4bfa606f2"
            },
            "dist": {
                "type": "zip",
                "url": "https://api.github.com/repos/illuminate/container/zipball/66621248395705cc64bc1ce9262b99b4bfa606f2",
                "reference": "66621248395705cc64bc1ce9262b99b4bfa606f2",
                "shasum": ""
            },
            "require": {
                "illuminate/contracts": "5.1.*",
                "php": ">=5.5.9"
            },
            "type": "library",
            "extra": {
                "branch-alias": {
                    "dev-master": "5.1-dev"
                }
            },
            "autoload": {
                "psr-4": {
                    "Illuminate\\Container\\": ""
                }
            },
            "notification-url": "https://packagist.org/downloads/",
            "license": [
                "MIT"
            ],
            "authors": [
                {
                    "name": "Taylor Otwell",
                    "email": "taylorotwell@gmail.com"
                }
            ],
            "description": "The Illuminate Container package.",
            "homepage": "http://laravel.com",
            "time": "2015-08-26 23:00:38"
        },
        {
            "name": "illuminate/contracts",
            "version": "v5.1.8",
            "source": {
                "type": "git",
                "url": "https://github.com/illuminate/contracts.git",
                "reference": "140dd18acb6be297fbd9870f8dda9d9d0a17c460"
            },
            "dist": {
                "type": "zip",
                "url": "https://api.github.com/repos/illuminate/contracts/zipball/140dd18acb6be297fbd9870f8dda9d9d0a17c460",
                "reference": "140dd18acb6be297fbd9870f8dda9d9d0a17c460",
                "shasum": ""
            },
            "require": {
                "php": ">=5.5.9"
            },
            "type": "library",
            "extra": {
                "branch-alias": {
                    "dev-master": "5.1-dev"
                }
            },
            "autoload": {
                "psr-4": {
                    "Illuminate\\Contracts\\": ""
                }
            },
            "notification-url": "https://packagist.org/downloads/",
            "license": [
                "MIT"
            ],
            "authors": [
                {
                    "name": "Taylor Otwell",
                    "email": "taylorotwell@gmail.com"
                }
            ],
            "description": "The Illuminate Contracts package.",
            "homepage": "http://laravel.com",
            "time": "2015-07-14 01:36:14"
        },
        {
            "name": "illuminate/events",
            "version": "v5.1.16",
            "source": {
                "type": "git",
                "url": "https://github.com/illuminate/events.git",
                "reference": "851c2351401145d81674991fe8491d560e620ec6"
            },
            "dist": {
                "type": "zip",
                "url": "https://api.github.com/repos/illuminate/events/zipball/851c2351401145d81674991fe8491d560e620ec6",
                "reference": "851c2351401145d81674991fe8491d560e620ec6",
                "shasum": ""
            },
            "require": {
                "illuminate/container": "5.1.*",
                "illuminate/contracts": "5.1.*",
                "illuminate/support": "5.1.*",
                "php": ">=5.5.9"
            },
            "type": "library",
            "extra": {
                "branch-alias": {
                    "dev-master": "5.1-dev"
                }
            },
            "autoload": {
                "psr-4": {
                    "Illuminate\\Events\\": ""
                }
            },
            "notification-url": "https://packagist.org/downloads/",
            "license": [
                "MIT"
            ],
            "authors": [
                {
                    "name": "Taylor Otwell",
                    "email": "taylorotwell@gmail.com"
                }
            ],
            "description": "The Illuminate Events package.",
            "homepage": "http://laravel.com",
            "time": "2015-08-08 13:06:30"
        },
        {
            "name": "illuminate/filesystem",
            "version": "v5.1.16",
            "source": {
                "type": "git",
                "url": "https://github.com/illuminate/filesystem.git",
                "reference": "b93043ad8efe4a2ccd0bb202d8493255bb865720"
            },
            "dist": {
                "type": "zip",
                "url": "https://api.github.com/repos/illuminate/filesystem/zipball/b93043ad8efe4a2ccd0bb202d8493255bb865720",
                "reference": "b93043ad8efe4a2ccd0bb202d8493255bb865720",
                "shasum": ""
            },
            "require": {
                "illuminate/contracts": "5.1.*",
                "illuminate/support": "5.1.*",
                "php": ">=5.5.9",
                "symfony/finder": "2.7.*"
            },
            "suggest": {
                "league/flysystem": "Required to use the Flysystem local and FTP drivers (~1.0).",
                "league/flysystem-aws-s3-v3": "Required to use the Flysystem S3 driver (~1.0).",
                "league/flysystem-rackspace": "Required to use the Flysystem Rackspace driver (~1.0)."
            },
            "type": "library",
            "extra": {
                "branch-alias": {
                    "dev-master": "5.1-dev"
                }
            },
            "autoload": {
                "psr-4": {
                    "Illuminate\\Filesystem\\": ""
                }
            },
            "notification-url": "https://packagist.org/downloads/",
            "license": [
                "MIT"
            ],
            "authors": [
                {
                    "name": "Taylor Otwell",
                    "email": "taylorotwell@gmail.com"
                }
            ],
            "description": "The Illuminate Filesystem package.",
            "homepage": "http://laravel.com",
            "time": "2015-08-24 08:44:48"
        },
        {
            "name": "illuminate/support",
            "version": "v5.1.8",
            "source": {
                "type": "git",
                "url": "https://github.com/illuminate/support.git",
                "reference": "2ba8a22a554aee9a412baa2e16e4387262d6d57c"
            },
            "dist": {
                "type": "zip",
                "url": "https://api.github.com/repos/illuminate/support/zipball/2ba8a22a554aee9a412baa2e16e4387262d6d57c",
                "reference": "2ba8a22a554aee9a412baa2e16e4387262d6d57c",
                "shasum": ""
            },
            "require": {
                "danielstjules/stringy": "~1.8",
                "doctrine/inflector": "~1.0",
                "ext-mbstring": "*",
                "illuminate/contracts": "5.1.*",
                "php": ">=5.5.9"
            },
            "suggest": {
                "jeremeamia/superclosure": "Required to be able to serialize closures (~2.0).",
                "symfony/var-dumper": "Required to use the dd function (2.7.*)."
            },
            "type": "library",
            "extra": {
                "branch-alias": {
                    "dev-master": "5.1-dev"
                }
            },
            "autoload": {
                "psr-4": {
                    "Illuminate\\Support\\": ""
                },
                "files": [
                    "helpers.php"
                ]
            },
            "notification-url": "https://packagist.org/downloads/",
            "license": [
                "MIT"
            ],
            "authors": [
                {
                    "name": "Taylor Otwell",
                    "email": "taylorotwell@gmail.com"
                }
            ],
            "description": "The Illuminate Support package.",
            "homepage": "http://laravel.com",
            "time": "2015-07-20 16:31:36"
        },
        {
            "name": "illuminate/view",
            "version": "v5.1.16",
            "source": {
                "type": "git",
                "url": "https://github.com/illuminate/view.git",
                "reference": "82c5bc657554360a7325ace0761c24f26de9e771"
            },
            "dist": {
                "type": "zip",
                "url": "https://api.github.com/repos/illuminate/view/zipball/82c5bc657554360a7325ace0761c24f26de9e771",
                "reference": "82c5bc657554360a7325ace0761c24f26de9e771",
                "shasum": ""
            },
            "require": {
                "illuminate/container": "5.1.*",
                "illuminate/contracts": "5.1.*",
                "illuminate/events": "5.1.*",
                "illuminate/filesystem": "5.1.*",
                "illuminate/support": "5.1.*",
                "php": ">=5.5.9"
            },
            "type": "library",
            "extra": {
                "branch-alias": {
                    "dev-master": "5.1-dev"
                }
            },
            "autoload": {
                "psr-4": {
                    "Illuminate\\View\\": ""
                }
            },
            "notification-url": "https://packagist.org/downloads/",
            "license": [
                "MIT"
            ],
            "authors": [
                {
                    "name": "Taylor Otwell",
                    "email": "taylorotwell@gmail.com"
                }
            ],
            "description": "The Illuminate View package.",
            "homepage": "http://laravel.com",
            "time": "2015-09-04 12:45:07"
        },
        {
            "name": "pdepend/pdepend",
            "version": "2.2.4",
            "source": {
                "type": "git",
                "url": "https://github.com/pdepend/pdepend.git",
                "reference": "b086687f3a01dc6bb92d633aef071d2c5dd0db06"
            },
            "dist": {
                "type": "zip",
                "url": "https://api.github.com/repos/pdepend/pdepend/zipball/b086687f3a01dc6bb92d633aef071d2c5dd0db06",
                "reference": "b086687f3a01dc6bb92d633aef071d2c5dd0db06",
                "shasum": ""
            },
            "require": {
                "php": ">=5.3.7",
                "symfony/config": "^2.3.0|^3",
                "symfony/dependency-injection": "^2.3.0|^3",
                "symfony/filesystem": "^2.3.0|^3"
            },
            "require-dev": {
                "phpunit/phpunit": "^4.4.0,<4.8",
                "squizlabs/php_codesniffer": "^2.0.0"
            },
            "bin": [
                "src/bin/pdepend"
            ],
            "type": "library",
            "autoload": {
                "psr-4": {
                    "PDepend\\": "src/main/php/PDepend"
                }
            },
            "notification-url": "https://packagist.org/downloads/",
            "license": [
                "BSD-3-Clause"
            ],
            "description": "Official version of pdepend to be handled with Composer",
            "time": "2016-03-10 15:15:04"
        },
        {
            "name": "philo/laravel-blade",
            "version": "v3.0",
            "source": {
                "type": "git",
                "url": "https://github.com/PhiloNL/Laravel-Blade.git",
                "reference": "728be672354bdd377da56394e699112ddfa0628b"
            },
            "dist": {
                "type": "zip",
                "url": "https://api.github.com/repos/PhiloNL/Laravel-Blade/zipball/728be672354bdd377da56394e699112ddfa0628b",
                "reference": "728be672354bdd377da56394e699112ddfa0628b",
                "shasum": ""
            },
            "require": {
                "illuminate/events": "~5",
                "illuminate/view": "~5"
            },
            "type": "library",
            "autoload": {
                "psr-4": {
                    "Philo\\Blade\\": "src"
                }
            },
            "notification-url": "https://packagist.org/downloads/",
            "license": [
                "MIT"
            ],
            "authors": [
                {
                    "name": "Philo Hermans",
                    "email": "me@philohermans.com"
                }
            ],
            "description": "Use the simple and yet powerful Laravel Blade templating engine as a standalone component.",
            "keywords": [
                "blade",
                "laravel"
            ],
            "time": "2015-04-18 21:03:31"
        },
        {
            "name": "phpmd/phpmd",
            "version": "2.4.1",
            "source": {
                "type": "git",
                "url": "https://github.com/phpmd/phpmd.git",
                "reference": "1ce4c586f4071d27a82421e56ae0e9864c89094d"
            },
            "dist": {
                "type": "zip",
                "url": "https://api.github.com/repos/phpmd/phpmd/zipball/1ce4c586f4071d27a82421e56ae0e9864c89094d",
                "reference": "1ce4c586f4071d27a82421e56ae0e9864c89094d",
                "shasum": ""
            },
            "require": {
                "pdepend/pdepend": "~2.0",
                "php": ">=5.3.0"
            },
            "require-dev": {
                "phpunit/phpunit": "^4.0",
                "squizlabs/php_codesniffer": "^2.0"
            },
            "bin": [
                "src/bin/phpmd"
            ],
            "type": "project",
            "autoload": {
                "psr-0": {
                    "PHPMD\\": "src/main/php"
                }
            },
            "notification-url": "https://packagist.org/downloads/",
            "license": [
                "BSD-3-Clause"
            ],
            "authors": [
                {
                    "name": "Manuel Pichler",
                    "email": "github@manuel-pichler.de",
                    "homepage": "https://github.com/manuelpichler",
                    "role": "Project Founder"
                },
                {
                    "name": "Other contributors",
                    "homepage": "https://github.com/phpmd/phpmd/graphs/contributors",
                    "role": "Contributors"
                },
                {
                    "name": "Marc Würth",
                    "email": "ravage@bluewin.ch",
                    "homepage": "https://github.com/ravage84",
                    "role": "Project Maintainer"
                }
            ],
            "description": "PHPMD is a spin-off project of PHP Depend and aims to be a PHP equivalent of the well known Java tool PMD.",
            "homepage": "http://phpmd.org/",
            "keywords": [
                "mess detection",
                "mess detector",
                "pdepend",
                "phpmd",
                "pmd"
            ],
            "time": "2016-03-08 21:43:36"
        },
        {
            "name": "squizlabs/php_codesniffer",
            "version": "2.5.1",
            "source": {
                "type": "git",
                "url": "https://github.com/squizlabs/PHP_CodeSniffer.git",
                "reference": "6731851d6aaf1d0d6c58feff1065227b7fda3ba8"
            },
            "dist": {
                "type": "zip",
                "url": "https://api.github.com/repos/squizlabs/PHP_CodeSniffer/zipball/6731851d6aaf1d0d6c58feff1065227b7fda3ba8",
                "reference": "6731851d6aaf1d0d6c58feff1065227b7fda3ba8",
                "shasum": ""
            },
            "require": {
                "ext-tokenizer": "*",
                "ext-xmlwriter": "*",
                "php": ">=5.1.2"
            },
            "require-dev": {
                "phpunit/phpunit": "~4.0"
            },
            "bin": [
                "scripts/phpcs",
                "scripts/phpcbf"
            ],
            "type": "library",
            "extra": {
                "branch-alias": {
                    "dev-master": "2.x-dev"
                }
            },
            "autoload": {
                "classmap": [
                    "CodeSniffer.php",
                    "CodeSniffer/CLI.php",
                    "CodeSniffer/Exception.php",
                    "CodeSniffer/File.php",
                    "CodeSniffer/Fixer.php",
                    "CodeSniffer/Report.php",
                    "CodeSniffer/Reporting.php",
                    "CodeSniffer/Sniff.php",
                    "CodeSniffer/Tokens.php",
                    "CodeSniffer/Reports/",
                    "CodeSniffer/Tokenizers/",
                    "CodeSniffer/DocGenerators/",
                    "CodeSniffer/Standards/AbstractPatternSniff.php",
                    "CodeSniffer/Standards/AbstractScopeSniff.php",
                    "CodeSniffer/Standards/AbstractVariableSniff.php",
                    "CodeSniffer/Standards/IncorrectPatternException.php",
                    "CodeSniffer/Standards/Generic/Sniffs/",
                    "CodeSniffer/Standards/MySource/Sniffs/",
                    "CodeSniffer/Standards/PEAR/Sniffs/",
                    "CodeSniffer/Standards/PSR1/Sniffs/",
                    "CodeSniffer/Standards/PSR2/Sniffs/",
                    "CodeSniffer/Standards/Squiz/Sniffs/",
                    "CodeSniffer/Standards/Zend/Sniffs/"
                ]
            },
            "notification-url": "https://packagist.org/downloads/",
            "license": [
                "BSD-3-Clause"
            ],
            "authors": [
                {
                    "name": "Greg Sherwood",
                    "role": "lead"
                }
            ],
            "description": "PHP_CodeSniffer tokenizes PHP, JavaScript and CSS files and detects violations of a defined set of coding standards.",
            "homepage": "http://www.squizlabs.com/php-codesniffer",
            "keywords": [
                "phpcs",
                "standards"
            ],
            "time": "2016-01-19 23:39:10"
        },
        {
            "name": "stecman/symfony-console-completion",
            "version": "0.5.1",
            "source": {
                "type": "git",
                "url": "https://github.com/stecman/symfony-console-completion.git",
                "reference": "1a9fc7ab4820cd1aabbdc584c6b25d221e7b6cb5"
            },
            "dist": {
                "type": "zip",
                "url": "https://api.github.com/repos/stecman/symfony-console-completion/zipball/1a9fc7ab4820cd1aabbdc584c6b25d221e7b6cb5",
                "reference": "1a9fc7ab4820cd1aabbdc584c6b25d221e7b6cb5",
                "shasum": ""
            },
            "require": {
                "php": ">=5.3.2",
                "symfony/console": "~2.2"
            },
            "require-dev": {
                "phpunit/phpunit": "~4.1"
            },
            "type": "library",
            "extra": {
                "branch-alias": {
                    "dev-master": "0.5.x-dev"
                }
            },
            "autoload": {
                "psr-4": {
                    "Stecman\\Component\\Symfony\\Console\\BashCompletion\\": "src/"
                }
            },
            "notification-url": "https://packagist.org/downloads/",
            "license": [
                "MIT"
            ],
            "authors": [
                {
                    "name": "Stephen Holdaway",
                    "email": "stephen@stecman.co.nz"
                }
            ],
            "description": "Automatic BASH completion for Symfony Console Component based applications.",
            "time": "2015-05-07 12:21:50"
        },
        {
            "name": "symfony/config",
            "version": "v3.0.3",
            "source": {
                "type": "git",
                "url": "https://github.com/symfony/config.git",
                "reference": "79a97025f7bf4bbf8352b5df1905aa136a531066"
            },
            "dist": {
                "type": "zip",
                "url": "https://api.github.com/repos/symfony/config/zipball/79a97025f7bf4bbf8352b5df1905aa136a531066",
                "reference": "79a97025f7bf4bbf8352b5df1905aa136a531066",
                "shasum": ""
            },
            "require": {
                "php": ">=5.5.9",
                "symfony/filesystem": "~2.8|~3.0"
            },
            "suggest": {
                "symfony/yaml": "To use the yaml reference dumper"
            },
            "type": "library",
            "extra": {
                "branch-alias": {
                    "dev-master": "3.0-dev"
                }
            },
            "autoload": {
                "psr-4": {
                    "Symfony\\Component\\Config\\": ""
                },
                "exclude-from-classmap": [
                    "/Tests/"
                ]
            },
            "notification-url": "https://packagist.org/downloads/",
            "license": [
                "MIT"
            ],
            "authors": [
                {
                    "name": "Fabien Potencier",
                    "email": "fabien@symfony.com"
                },
                {
                    "name": "Symfony Community",
                    "homepage": "https://symfony.com/contributors"
                }
            ],
            "description": "Symfony Config Component",
            "homepage": "https://symfony.com",
            "time": "2016-02-23 15:16:06"
        },
        {
            "name": "symfony/console",
            "version": "v2.7.3",
            "source": {
                "type": "git",
                "url": "https://github.com/symfony/console.git",
                "reference": "d6cf02fe73634c96677e428f840704bfbcaec29e"
            },
            "dist": {
                "type": "zip",
                "url": "https://api.github.com/repos/symfony/console/zipball/d6cf02fe73634c96677e428f840704bfbcaec29e",
                "reference": "d6cf02fe73634c96677e428f840704bfbcaec29e",
                "shasum": ""
            },
            "require": {
                "php": ">=5.3.9"
            },
            "require-dev": {
                "psr/log": "~1.0",
                "symfony/event-dispatcher": "~2.1",
                "symfony/phpunit-bridge": "~2.7",
                "symfony/process": "~2.1"
            },
            "suggest": {
                "psr/log": "For using the console logger",
                "symfony/event-dispatcher": "",
                "symfony/process": ""
            },
            "type": "library",
            "extra": {
                "branch-alias": {
                    "dev-master": "2.7-dev"
                }
            },
            "autoload": {
                "psr-4": {
                    "Symfony\\Component\\Console\\": ""
                }
            },
            "notification-url": "https://packagist.org/downloads/",
            "license": [
                "MIT"
            ],
            "authors": [
                {
                    "name": "Fabien Potencier",
                    "email": "fabien@symfony.com"
                },
                {
                    "name": "Symfony Community",
                    "homepage": "https://symfony.com/contributors"
                }
            ],
            "description": "Symfony Console Component",
            "homepage": "https://symfony.com",
            "time": "2015-07-28 15:18:12"
        },
        {
            "name": "symfony/dependency-injection",
            "version": "v3.0.3",
            "source": {
                "type": "git",
                "url": "https://github.com/symfony/dependency-injection.git",
                "reference": "821800ae6753b88dab55a7280811d8734b8112bf"
            },
            "dist": {
                "type": "zip",
                "url": "https://api.github.com/repos/symfony/dependency-injection/zipball/821800ae6753b88dab55a7280811d8734b8112bf",
                "reference": "821800ae6753b88dab55a7280811d8734b8112bf",
                "shasum": ""
            },
            "require": {
                "php": ">=5.5.9"
            },
            "require-dev": {
                "symfony/config": "~2.8|~3.0",
                "symfony/expression-language": "~2.8|~3.0",
                "symfony/yaml": "~2.8|~3.0"
            },
            "suggest": {
                "symfony/config": "",
                "symfony/proxy-manager-bridge": "Generate service proxies to lazy load them",
                "symfony/yaml": ""
            },
            "type": "library",
            "extra": {
                "branch-alias": {
                    "dev-master": "3.0-dev"
                }
            },
            "autoload": {
                "psr-4": {
                    "Symfony\\Component\\DependencyInjection\\": ""
                },
                "exclude-from-classmap": [
                    "/Tests/"
                ]
            },
            "notification-url": "https://packagist.org/downloads/",
            "license": [
                "MIT"
            ],
            "authors": [
                {
                    "name": "Fabien Potencier",
                    "email": "fabien@symfony.com"
                },
                {
                    "name": "Symfony Community",
                    "homepage": "https://symfony.com/contributors"
                }
            ],
            "description": "Symfony DependencyInjection Component",
            "homepage": "https://symfony.com",
            "time": "2016-02-28 16:50:08"
        },
        {
            "name": "symfony/filesystem",
            "version": "v3.0.3",
            "source": {
                "type": "git",
                "url": "https://github.com/symfony/filesystem.git",
                "reference": "23ae8f9648d0a7fe94a47c8e20e5bf37c489a451"
            },
            "dist": {
                "type": "zip",
                "url": "https://api.github.com/repos/symfony/filesystem/zipball/23ae8f9648d0a7fe94a47c8e20e5bf37c489a451",
                "reference": "23ae8f9648d0a7fe94a47c8e20e5bf37c489a451",
                "shasum": ""
            },
            "require": {
                "php": ">=5.5.9"
            },
            "type": "library",
            "extra": {
                "branch-alias": {
                    "dev-master": "3.0-dev"
                }
            },
            "autoload": {
                "psr-4": {
                    "Symfony\\Component\\Filesystem\\": ""
                },
                "exclude-from-classmap": [
                    "/Tests/"
                ]
            },
            "notification-url": "https://packagist.org/downloads/",
            "license": [
                "MIT"
            ],
            "authors": [
                {
                    "name": "Fabien Potencier",
                    "email": "fabien@symfony.com"
                },
                {
                    "name": "Symfony Community",
                    "homepage": "https://symfony.com/contributors"
                }
            ],
            "description": "Symfony Filesystem Component",
            "homepage": "https://symfony.com",
            "time": "2016-02-23 15:16:06"
        },
        {
            "name": "symfony/finder",
            "version": "v2.7.4",
            "source": {
                "type": "git",
                "url": "https://github.com/symfony/Finder.git",
                "reference": "fff4b0c362640a0ab7355e2647b3d461608e9065"
            },
            "dist": {
                "type": "zip",
                "url": "https://api.github.com/repos/symfony/Finder/zipball/fff4b0c362640a0ab7355e2647b3d461608e9065",
                "reference": "fff4b0c362640a0ab7355e2647b3d461608e9065",
                "shasum": ""
            },
            "require": {
                "php": ">=5.3.9"
            },
            "require-dev": {
                "symfony/phpunit-bridge": "~2.7"
            },
            "type": "library",
            "extra": {
                "branch-alias": {
                    "dev-master": "2.7-dev"
                }
            },
            "autoload": {
                "psr-4": {
                    "Symfony\\Component\\Finder\\": ""
                }
            },
            "notification-url": "https://packagist.org/downloads/",
            "license": [
                "MIT"
            ],
            "authors": [
                {
                    "name": "Fabien Potencier",
                    "email": "fabien@symfony.com"
                },
                {
                    "name": "Symfony Community",
                    "homepage": "https://symfony.com/contributors"
                }
            ],
            "description": "Symfony Finder Component",
            "homepage": "https://symfony.com",
            "time": "2015-08-26 17:56:37"
        },
        {
            "name": "symfony/process",
            "version": "v2.7.3",
            "source": {
                "type": "git",
                "url": "https://github.com/symfony/Process.git",
                "reference": "48aeb0e48600321c272955132d7606ab0a49adb3"
            },
            "dist": {
                "type": "zip",
                "url": "https://api.github.com/repos/symfony/Process/zipball/48aeb0e48600321c272955132d7606ab0a49adb3",
                "reference": "48aeb0e48600321c272955132d7606ab0a49adb3",
                "shasum": ""
            },
            "require": {
                "php": ">=5.3.9"
            },
            "require-dev": {
                "symfony/phpunit-bridge": "~2.7"
            },
            "type": "library",
            "extra": {
                "branch-alias": {
                    "dev-master": "2.7-dev"
                }
            },
            "autoload": {
                "psr-4": {
                    "Symfony\\Component\\Process\\": ""
                }
            },
            "notification-url": "https://packagist.org/downloads/",
            "license": [
                "MIT"
            ],
            "authors": [
                {
                    "name": "Fabien Potencier",
                    "email": "fabien@symfony.com"
                },
                {
                    "name": "Symfony Community",
                    "homepage": "https://symfony.com/contributors"
                }
            ],
            "description": "Symfony Process Component",
            "homepage": "https://symfony.com",
            "time": "2015-07-01 11:25:50"
        },
        {
            "name": "symfony/yaml",
            "version": "v2.7.3",
            "source": {
                "type": "git",
                "url": "https://github.com/symfony/Yaml.git",
                "reference": "71340e996171474a53f3d29111d046be4ad8a0ff"
            },
            "dist": {
                "type": "zip",
                "url": "https://api.github.com/repos/symfony/Yaml/zipball/71340e996171474a53f3d29111d046be4ad8a0ff",
                "reference": "71340e996171474a53f3d29111d046be4ad8a0ff",
                "shasum": ""
            },
            "require": {
                "php": ">=5.3.9"
            },
            "require-dev": {
                "symfony/phpunit-bridge": "~2.7"
            },
            "type": "library",
            "extra": {
                "branch-alias": {
                    "dev-master": "2.7-dev"
                }
            },
            "autoload": {
                "psr-4": {
                    "Symfony\\Component\\Yaml\\": ""
                }
            },
            "notification-url": "https://packagist.org/downloads/",
            "license": [
                "MIT"
            ],
            "authors": [
                {
                    "name": "Fabien Potencier",
                    "email": "fabien@symfony.com"
                },
                {
                    "name": "Symfony Community",
                    "homepage": "https://symfony.com/contributors"
                }
            ],
            "description": "Symfony Yaml Component",
            "homepage": "https://symfony.com",
            "time": "2015-07-28 14:07:07"
        },
        {
            "name": "twig/twig",
            "version": "v1.24.0",
            "source": {
                "type": "git",
                "url": "https://github.com/twigphp/Twig.git",
                "reference": "3e5aa30ebfbafd5951fb1b01e338e1800ce7e0e8"
            },
            "dist": {
                "type": "zip",
                "url": "https://api.github.com/repos/twigphp/Twig/zipball/3e5aa30ebfbafd5951fb1b01e338e1800ce7e0e8",
                "reference": "3e5aa30ebfbafd5951fb1b01e338e1800ce7e0e8",
                "shasum": ""
            },
            "require": {
                "php": ">=5.2.7"
            },
            "require-dev": {
                "symfony/debug": "~2.7",
                "symfony/phpunit-bridge": "~2.7"
            },
            "type": "library",
            "extra": {
                "branch-alias": {
                    "dev-master": "1.24-dev"
                }
            },
            "autoload": {
                "psr-0": {
                    "Twig_": "lib/"
                }
            },
            "notification-url": "https://packagist.org/downloads/",
            "license": [
                "BSD-3-Clause"
            ],
            "authors": [
                {
                    "name": "Fabien Potencier",
                    "email": "fabien@symfony.com",
                    "homepage": "http://fabien.potencier.org",
                    "role": "Lead Developer"
                },
                {
                    "name": "Armin Ronacher",
                    "email": "armin.ronacher@active-4.com",
                    "role": "Project Founder"
                },
                {
                    "name": "Twig Team",
                    "homepage": "http://twig.sensiolabs.org/contributors",
                    "role": "Contributors"
                }
            ],
            "description": "Twig, the flexible, fast, and secure template language for PHP",
            "homepage": "http://twig.sensiolabs.org",
            "keywords": [
                "templating"
            ],
            "time": "2016-01-25 21:22:18"
        }
    ],
    "packages-dev": [],
    "aliases": [],
    "minimum-stability": "stable",
    "stability-flags": [],
    "prefer-stable": false,
    "prefer-lowest": false,
    "platform": [],
    "platform-dev": []
}
